
Microsoft Visual Studio Solution File, Format Version 12.00
# Visual Studio Version 16
VisualStudioVersion = 16.0.30114.105
MinimumVisualStudioVersion = 10.0.40219.1
Project("{FAE04EC0-301F-11D3-BF4B-00C04F79EFBC}") = "Software.Core", "Software.Core\Software.Core.csproj", "{03B9CBA8-E017-4951-BB09-25E6F7C1A396}"
EndProject
Project("{FAE04EC0-301F-11D3-BF4B-00C04F79EFBC}") = "Software.AdoMySQL", "Software.AdoMySQL\Software.AdoMySQL.csproj", "{176957CD-E17F-43BA-A643-12A427425E79}"
EndProject
Project("{FAE04EC0-301F-11D3-BF4B-00C04F79EFBC}") = "Administrador", "Admin.Consola\Administrador.csproj", "{7F821187-AF1F-4AA2-98AD-F3486F993951}"
EndProject
Project("{FAE04EC0-301F-11D3-BF4B-00C04F79EFBC}") = "Software.Mvc", "Software.Mvc\Software.Mvc.csproj", "{752CBF54-92C6-4840-8CC4-0C3B46FFFFD8}"
EndProject
Global
	GlobalSection(SolutionConfigurationPlatforms) = preSolution
		Debug|Any CPU = Debug|Any CPU
		Debug|x64 = Debug|x64
		Debug|x86 = Debug|x86
		Release|Any CPU = Release|Any CPU
		Release|x64 = Release|x64
		Release|x86 = Release|x86
	EndGlobalSection
	GlobalSection(SolutionProperties) = preSolution
		HideSolutionNode = FALSE
	EndGlobalSection
	GlobalSection(ProjectConfigurationPlatforms) = postSolution
		{03B9CBA8-E017-4951-BB09-25E6F7C1A396}.Debug|Any CPU.ActiveCfg = Debug|Any CPU
		{03B9CBA8-E017-4951-BB09-25E6F7C1A396}.Debug|Any CPU.Build.0 = Debug|Any CPU
		{03B9CBA8-E017-4951-BB09-25E6F7C1A396}.Debug|x64.ActiveCfg = Debug|Any CPU
		{03B9CBA8-E017-4951-BB09-25E6F7C1A396}.Debug|x64.Build.0 = Debug|Any CPU
		{03B9CBA8-E017-4951-BB09-25E6F7C1A396}.Debug|x86.ActiveCfg = Debug|Any CPU
		{03B9CBA8-E017-4951-BB09-25E6F7C1A396}.Debug|x86.Build.0 = Debug|Any CPU
		{03B9CBA8-E017-4951-BB09-25E6F7C1A396}.Release|Any CPU.ActiveCfg = Release|Any CPU
		{03B9CBA8-E017-4951-BB09-25E6F7C1A396}.Release|Any CPU.Build.0 = Release|Any CPU
		{03B9CBA8-E017-4951-BB09-25E6F7C1A396}.Release|x64.ActiveCfg = Release|Any CPU
		{03B9CBA8-E017-4951-BB09-25E6F7C1A396}.Release|x64.Build.0 = Release|Any CPU
		{03B9CBA8-E017-4951-BB09-25E6F7C1A396}.Release|x86.ActiveCfg = Release|Any CPU
		{03B9CBA8-E017-4951-BB09-25E6F7C1A396}.Release|x86.Build.0 = Release|Any CPU
		{176957CD-E17F-43BA-A643-12A427425E79}.Debug|Any CPU.ActiveCfg = Debug|Any CPU
		{176957CD-E17F-43BA-A643-12A427425E79}.Debug|Any CPU.Build.0 = Debug|Any CPU
		{176957CD-E17F-43BA-A643-12A427425E79}.Debug|x64.ActiveCfg = Debug|Any CPU
		{176957CD-E17F-43BA-A643-12A427425E79}.Debug|x64.Build.0 = Debug|Any CPU
		{176957CD-E17F-43BA-A643-12A427425E79}.Debug|x86.ActiveCfg = Debug|Any CPU
		{176957CD-E17F-43BA-A643-12A427425E79}.Debug|x86.Build.0 = Debug|Any CPU
		{176957CD-E17F-43BA-A643-12A427425E79}.Release|Any CPU.ActiveCfg = Release|Any CPU
		{176957CD-E17F-43BA-A643-12A427425E79}.Release|Any CPU.Build.0 = Release|Any CPU
		{176957CD-E17F-43BA-A643-12A427425E79}.Release|x64.ActiveCfg = Release|Any CPU
		{176957CD-E17F-43BA-A643-12A427425E79}.Release|x64.Build.0 = Release|Any CPU
		{176957CD-E17F-43BA-A643-12A427425E79}.Release|x86.ActiveCfg = Release|Any CPU
		{176957CD-E17F-43BA-A643-12A427425E79}.Release|x86.Build.0 = Release|Any CPU
		{7F821187-AF1F-4AA2-98AD-F3486F993951}.Debug|Any CPU.ActiveCfg = Debug|Any CPU
		{7F821187-AF1F-4AA2-98AD-F3486F993951}.Debug|Any CPU.Build.0 = Debug|Any CPU
		{7F821187-AF1F-4AA2-98AD-F3486F993951}.Debug|x64.ActiveCfg = Debug|Any CPU
		{7F821187-AF1F-4AA2-98AD-F3486F993951}.Debug|x64.Build.0 = Debug|Any CPU
		{7F821187-AF1F-4AA2-98AD-F3486F993951}.Debug|x86.ActiveCfg = Debug|Any CPU
		{7F821187-AF1F-4AA2-98AD-F3486F993951}.Debug|x86.Build.0 = Debug|Any CPU
		{7F821187-AF1F-4AA2-98AD-F3486F993951}.Release|Any CPU.ActiveCfg = Release|Any CPU
		{7F821187-AF1F-4AA2-98AD-F3486F993951}.Release|Any CPU.Build.0 = Release|Any CPU
		{7F821187-AF1F-4AA2-98AD-F3486F993951}.Release|x64.ActiveCfg = Release|Any CPU
		{7F821187-AF1F-4AA2-98AD-F3486F993951}.Release|x64.Build.0 = Release|Any CPU
		{7F821187-AF1F-4AA2-98AD-F3486F993951}.Release|x86.ActiveCfg = Release|Any CPU
		{7F821187-AF1F-4AA2-98AD-F3486F993951}.Release|x86.Build.0 = Release|Any CPU
		{752CBF54-92C6-4840-8CC4-0C3B46FFFFD8}.Debug|Any CPU.ActiveCfg = Debug|Any CPU
		{752CBF54-92C6-4840-8CC4-0C3B46FFFFD8}.Debug|Any CPU.Build.0 = Debug|Any CPU
		{752CBF54-92C6-4840-8CC4-0C3B46FFFFD8}.Debug|x64.ActiveCfg = Debug|Any CPU
		{752CBF54-92C6-4840-8CC4-0C3B46FFFFD8}.Debug|x64.Build.0 = Debug|Any CPU
		{752CBF54-92C6-4840-8CC4-0C3B46FFFFD8}.Debug|x86.ActiveCfg = Debug|Any CPU
		{752CBF54-92C6-4840-8CC4-0C3B46FFFFD8}.Debug|x86.Build.0 = Debug|Any CPU
		{752CBF54-92C6-4840-8CC4-0C3B46FFFFD8}.Release|Any CPU.ActiveCfg = Release|Any CPU
		{752CBF54-92C6-4840-8CC4-0C3B46FFFFD8}.Release|Any CPU.Build.0 = Release|Any CPU
		{752CBF54-92C6-4840-8CC4-0C3B46FFFFD8}.Release|x64.ActiveCfg = Release|Any CPU
		{752CBF54-92C6-4840-8CC4-0C3B46FFFFD8}.Release|x64.Build.0 = Release|Any CPU
		{752CBF54-92C6-4840-8CC4-0C3B46FFFFD8}.Release|x86.ActiveCfg = Release|Any CPU
		{752CBF54-92C6-4840-8CC4-0C3B46FFFFD8}.Release|x86.Build.0 = Release|Any CPU
	EndGlobalSection
EndGlobal
